lockfileVersion: '9.0'

settings:
  autoInstallPeers: true
  excludeLinksFromLockfile: false

importers:

  .:
    devDependencies:
      '@scribe-skill/core':
        specifier: workspace:*
        version: link:packages/core
      '@scribe-skill/pdf-workspace':
        specifier: workspace:*
        version: link:packages/pdf-workspace
      '@types/node':
        specifier: ^24.0.0
        version: 24.13.3
      typescript:
        specifier: ^5.9.0
        version: 5.9.3

  packages/core:
    dependencies:
      '@openai/codex-sdk':
        specifier: ^0.147.0
        version: 0.147.0

  packages/pdf-workspace:
    dependencies:
      '@napi-rs/canvas':
        specifier: ^1.0.5
        version: 1.0.5
      '@scribe-skill/core':
        specifier: workspace:*
        version: link:../core
      pdfjs-dist:
        specifier: ^6.2.108
        version: 6.2.108
    devDependencies:
      pdf-lib:
        specifier: ^1.17.1
        version: 1.17.1

packages:

  '@napi-rs/canvas-android-arm64@1.0.5':
    resolution: {integrity: sha512-ZzDlpKQocwFfCwhMh17UWre6Qt5yZN3kNIJoUpGfRZqwDDZ164IKOsPOHsRd3d8Tuj5KM6bDjGuPmZxuPuG3NQ==}
    engines: {node: '>= 10'}
    cpu: [arm64]
    os: [android]

  '@napi-rs/canvas-darwin-arm64@1.0.5':
    resolution: {integrity: sha512-Hr8v6CA/TBe+OJOePdV3sXWxzQHQKfQsTKPbc8wG7iPqVeAx6MMdzKGXlYID6SVvpfwV/zqkvGcdImYWSlhrZg==}
    engines: {node: '>= 10'}
    cpu: [arm64]
    os: [darwin]

  '@napi-rs/canvas-darwin-x64@1.0.5':
    resolution: {integrity: sha512-9BXlLHBXpYnK4jSae1MdFdyPq09Xi1I3PeCNpvRzqgmUUBhgJS7aC1z7SZEP8JUXDHtbfIrolCS3sFuT9IGP2A==}
    engines: {node: '>= 10'}
    cpu: [x64]
    os: [darwin]

  '@napi-rs/canvas-linux-arm-gnueabihf@1.0.5':
    resolution: {integrity: sha512-zEW4fgvtYsOJ/N56Us4TQPfaFrUf0shGr9CgGSj3GACc+NHfUM3ci0YF9xFTjwJWGDmaEhYPL6KqCfFCxwm/qg==}
    engines: {node: '>= 10'}
    cpu: [arm]
    os: [linux]

  '@napi-rs/canvas-linux-arm64-gnu@1.0.5':
    resolution: {integrity: sha512-HFprwLspelJxCEtZvdMcz95Mwvfs63GzFVedLFmC/wslHnaOXhjXxgYxPCM/VdM4Jhx3CV4Lk0vVmh6hJv2etQ==}
    engines: {node: '>= 10'}
    cpu: [arm64]
    os: [linux]
    libc: [glibc]

  '@napi-rs/canvas-linux-arm64-musl@1.0.5':
    resolution: {integrity: sha512-FNMGFAx8DvtDwlLfWyBJ+oQjgPXoIAqCnNTJYqtJCFRwwzK3AyAe5B1Ll3NZ6hcOzqw7HylZsq4nQxVyPCQX1Q==}
    engines: {node: '>= 10'}
    cpu: [arm64]
    os: [linux]
    libc: [musl]

  '@napi-rs/canvas-linux-riscv64-gnu@1.0.5':
    resolution: {integrity: sha512-2vd5v8Lui+37Hh/spITKIvTT384ip4dnUc5XBn0E+sMNS4b7au7IswyT5YDG2udPTjSh/eLUs3sGuB5YHooFOA==}
    engines: {node: '>= 10'}
    cpu: [riscv64]
    os: [linux]
    libc: [glibc]

  '@napi-rs/canvas-linux-x64-gnu@1.0.5':
    resolution: {integrity: sha512-iQIPy+Uey0expZTOszLri5n8rY7x4WUpMaY82mcXNIgbil30iHvc01OsiizhZC1KQHTK90RFMFWSpwFU+ON3aA==}
    engines: {node: '>= 10'}
    cpu: [x64]
    os: [linux]
    libc: [glibc]

  '@napi-rs/canvas-linux-x64-musl@1.0.5':
    resolution: {integrity: sha512-Npthji25t7FUqIAKsoEkFS0qY5CYVkHjvI3tuZjDTG92wX8g4dst+Lfb4hhubdqPazlDcIwalPzInsFCtf3FFg==}
    engines: {node: '>= 10'}
    cpu: [x64]
    os: [linux]
    libc: [musl]

  '@napi-rs/canvas-win32-arm64-msvc@1.0.5':
    resolution: {integrity: sha512-bi+JsdCdbfVJDoAQybTYmkLKwh1xpYpptg5j/BNr2BB56u4/R26jrVvtjqff+CxYMXV6Kz1/jeDVhZCuj6bDng==}
    engines: {node: '>= 10'}
    cpu: [arm64]
    os: [win32]

  '@napi-rs/canvas-win32-x64-msvc@1.0.5':
    resolution: {integrity: sha512-KQQwG9/sBmcGxqaLFIQf+k2OefREGoyEaIBmRuTM8bUuFKOEE9Xk5pel90hE6pmBwk/vo4RB0OdX+FxobJGMFw==}
    engines: {node: '>= 10'}
    cpu: [x64]
    os: [win32]

  '@napi-rs/canvas@1.0.5':
    resolution: {integrity: sha512-GaPlicMtnvgPr5SowFRprkEJicDSrV3qCq17U4jiF5u0kNORZo3IbdN2Bk4SfcZJAMYFHbMVJ81O3w21CYxazg==}
    engines: {node: '>= 10'}

  '@openai/codex-sdk@0.147.0':
    resolution: {integrity: sha512-nJL0maDBZy31uEArs+u46tW22veNdHjfs96AGaFTnI3jF+g8U+a422uaPiDZwEKmyxcNwStTRz6sIh6C7XxGFQ==}
    engines: {node: '>=18'}

  '@openai/codex@0.147.0':
    resolution: {integrity: sha512-EQLEXecAG2ptxI7UpBMo2TR/ga5596/c/OsYF/0LoUDh5JANZ7IoGqlzBEWbuEVQ76JePIbtTW/ihCkp1a7Z3w==}
    engines: {node: '>=16'}
    hasBin: true

  '@openai/codex@0.147.0-darwin-arm64':
    resolution: {integrity: sha512-BEUVkiOW7kLcRyrMLfAr/h9wF8sRVJyZDy6OHtVn6QGDXiv3BvAZVTY1Pu9xF7KdIdkYXbp4uayN0aDQQaAUJw==}
    engines: {node: '>=16'}
    cpu: [arm64]
    os: [darwin]

  '@openai/codex@0.147.0-darwin-x64':
    resolution: {integrity: sha512-Tb8McE5SvJIH0Vs5R6sq7u+quiC931yan2KOOl6km1OdZ82+Wi7eF5XrSFPs5CF7xCgoIK4Vs+byMbT5hN+ZUw==}
    engines: {node: '>=16'}
    cpu: [x64]
    os: [darwin]

  '@openai/codex@0.147.0-linux-arm64':
    resolution: {integrity: sha512-SLC1JXw2TYfr/c3HhrJubyyLelq7vTOLWVmiThFA+z0+WgzCPmaseJ/kzDD3Gge/TO7fCnnj7UcPmC0d2c8XAg==}
    engines: {node: '>=16'}
    cpu: [arm64]
    os: [linux]

  '@openai/codex@0.147.0-linux-x64':
    resolution: {integrity: sha512-0W9MBxPpWW0cSkNqrTDN2jR7rzzT7oNMhQY5446lT2Lw5cz5yhDTck4Va9rjkQEm+HlFzP/dmEMSZbXfJsINmw==}
    engines: {node: '>=16'}
    cpu: [x64]
    os: [linux]

  '@openai/codex@0.147.0-win32-arm64':
    resolution: {integrity: sha512-e2ZstJ8zT8Rm1nvR7CUVO+Gr3cTChE41+VfOzGhynzDXEoW0wfbjUQbc2bWbh1arG94LMm4y3dqBtUIbSrfeGA==}
    engines: {node: '>=16'}
    cpu: [arm64]
    os: [win32]

  '@openai/codex@0.147.0-win32-x64':
    resolution: {integrity: sha512-oT7Ss5fAPf2fiWE9QNURqZcQGAAawSVxmIUdgPzckq4KFZAM+pRz9JbM4Rr498CjtbNgTOjWvDJ+DXvIBSfOPA==}
    engines: {node: '>=16'}
    cpu: [x64]
    os: [win32]

  '@pdf-lib/standard-fonts@1.0.0':
    resolution: {integrity: sha512-hU30BK9IUN/su0Mn9VdlVKsWBS6GyhVfqjwl1FjZN4TxP6cCw0jP2w7V3Hf5uX7M0AZJ16vey9yE0ny7Sa59ZA==}

  '@pdf-lib/upng@1.0.1':
    resolution: {integrity: sha512-dQK2FUMQtowVP00mtIksrlZhdFXQZPC+taih1q4CvPZ5vqdxR/LKBaFg0oAfzd1GlHZXXSPdQfzQnt+ViGvEIQ==}

  '@types/node@24.13.3':
    resolution: {integrity: sha512-Dh8vAsV36ig5wa9OX4pXvMc9D3Veibfw2wix0CUwYODLD8nkj9UsLjASr49nPg+2eKzxhBV+v7L8pXvT4e639Q==}

  pako@1.0.11:
    resolution: {integrity: sha512-4hLB8Py4zZce5s4yd9XzopqwVv/yGNhV1Bl8NTmCq1763HeK2+EwVTv+leGeL13Dnh2wfbqowVPXCIO0z4taYw==}

  pdf-lib@1.17.1:
    resolution: {integrity: sha512-V/mpyJAoTsN4cnP31vc0wfNA1+p20evqqnap0KLoRUN0Yk/p3wN52DOEsL4oBFcLdb76hlpKPtzJIgo67j/XLw==}

  pdfjs-dist@6.2.108:
    resolution: {integrity: sha512-YxFb+SQcodN2rnX9Tn3dHYlqfb7NjlzzfONPpJd+AKoKtUjEdevTfbC07d5TcczzOK6261auRkP/M8OBHs9vFQ==}
    engines: {node: '>=22.13.0 || >=24'}

  tslib@1.14.1:
    resolution: {integrity: sha512-Xni35NKzjgMrwevysHTCArtLDpPvye8zV/0E4EyYn43P7/7qvQwPh9BGkHewbMulVntbigmcT7rdX3BNo9wRJg==}

  typescript@5.9.3:
    resolution: {integrity: sha512-jl1vZzPDinLr9eUt3J/t7V6FgNEw9QjvBPdysz9KfQDD41fQrC2Y4vKQdiaUpFT4bXlb1RHhLpp8wtm6M5TgSw==}
    engines: {node: '>=14.17'}
    hasBin: true

  undici-types@7.18.2:
    resolution: {integrity: sha512-AsuCzffGHJybSaRrmr5eHr81mwJU3kjw6M+uprWvCXiNeN9SOGwQ3Jn8jb8m3Z6izVgknn1R0FTCEAP2QrLY/w==}

snapshots:

  '@napi-rs/canvas-android-arm64@1.0.5':
    optional: true

  '@napi-rs/canvas-darwin-arm64@1.0.5':
    optional: true

  '@napi-rs/canvas-darwin-x64@1.0.5':
    optional: true

  '@napi-rs/canvas-linux-arm-gnueabihf@1.0.5':
    optional: true

  '@napi-rs/canvas-linux-arm64-gnu@1.0.5':
    optional: true

  '@napi-rs/canvas-linux-arm64-musl@1.0.5':
    optional: true

  '@napi-rs/canvas-linux-riscv64-gnu@1.0.5':
    optional: true

  '@napi-rs/canvas-linux-x64-gnu@1.0.5':
    optional: true

  '@napi-rs/canvas-linux-x64-musl@1.0.5':
    optional: true

  '@napi-rs/canvas-win32-arm64-msvc@1.0.5':
    optional: true

  '@napi-rs/canvas-win32-x64-msvc@1.0.5':
    optional: true

  '@napi-rs/canvas@1.0.5':
    optionalDependencies:
      '@napi-rs/canvas-android-arm64': 1.0.5
      '@napi-rs/canvas-darwin-arm64': 1.0.5
      '@napi-rs/canvas-darwin-x64': 1.0.5
      '@napi-rs/canvas-linux-arm-gnueabihf': 1.0.5
      '@napi-rs/canvas-linux-arm64-gnu': 1.0.5
      '@napi-rs/canvas-linux-arm64-musl': 1.0.5
      '@napi-rs/canvas-linux-riscv64-gnu': 1.0.5
      '@napi-rs/canvas-linux-x64-gnu': 1.0.5
      '@napi-rs/canvas-linux-x64-musl': 1.0.5
      '@napi-rs/canvas-win32-arm64-msvc': 1.0.5
      '@napi-rs/canvas-win32-x64-msvc': 1.0.5

  '@openai/codex-sdk@0.147.0':
    dependencies:
      '@openai/codex': 0.147.0

  '@openai/codex@0.147.0':
    optionalDependencies:
      '@openai/codex-darwin-arm64': '@openai/codex@0.147.0-darwin-arm64'
      '@openai/codex-darwin-x64': '@openai/codex@0.147.0-darwin-x64'
      '@openai/codex-linux-arm64': '@openai/codex@0.147.0-linux-arm64'
      '@openai/codex-linux-x64': '@openai/codex@0.147.0-linux-x64'
      '@openai/codex-win32-arm64': '@openai/codex@0.147.0-win32-arm64'
      '@openai/codex-win32-x64': '@openai/codex@0.147.0-win32-x64'

  '@openai/codex@0.147.0-darwin-arm64':
    optional: true

  '@openai/codex@0.147.0-darwin-x64':
    optional: true

  '@openai/codex@0.147.0-linux-arm64':
    optional: true

  '@openai/codex@0.147.0-linux-x64':
    optional: true

  '@openai/codex@0.147.0-win32-arm64':
    optional: true

  '@openai/codex@0.147.0-win32-x64':
    optional: true

  '@pdf-lib/standard-fonts@1.0.0':
    dependencies:
      pako: 1.0.11

  '@pdf-lib/upng@1.0.1':
    dependencies:
      pako: 1.0.11

  '@types/node@24.13.3':
    dependencies:
      undici-types: 7.18.2

  pako@1.0.11: {}

  pdf-lib@1.17.1:
    dependencies:
      '@pdf-lib/standard-fonts': 1.0.0
      '@pdf-lib/upng': 1.0.1
      pako: 1.0.11
      tslib: 1.14.1

  pdfjs-dist@6.2.108:
    optionalDependencies:
      '@napi-rs/canvas': 1.0.5

  tslib@1.14.1: {}

  typescript@5.9.3: {}

  undici-types@7.18.2: {}
